
Microsoft Visual Studio Solution File, Format Version 12.00
# Visual Studio Version 17
VisualStudioVersion = 17.0.31903.59
MinimumVisualStudioVersion = 10.0.40219.1
Project("{2150E333-8FDC-42A3-9474-1A3956D46DE8}") = "libs", "libs", "{2989E57F-8DB5-4A23-8868-0332CCBF7E4B}"
EndProject
Project("{FAE04EC0-301F-11D3-BF4B-00C04F79EFBC}") = "Newsroom.Contracts", "libs\Newsroom.Contracts\Newsroom.Contracts.csproj", "{19473028-8572-47EA-9164-7A5EB8CD60FA}"
EndProject
Project("{FAE04EC0-301F-11D3-BF4B-00C04F79EFBC}") = "Newsroom.Agents", "libs\Newsroom.Agents\Newsroom.Agents.csproj", "{8957D65A-357D-4A74-8BEB-92FB3DA10769}"
EndProject
Project("{FAE04EC0-301F-11D3-BF4B-00C04F79EFBC}") = "Newsroom.Cms", "libs\Newsroom.Cms\Newsroom.Cms.csproj", "{DA191D0E-9E12-4957-9F57-22DB5A5A8FAF}"
EndProject
Project("{2150E333-8FDC-42A3-9474-1A3956D46DE8}") = "services", "services", "{F983A162-52F7-4FC5-8570-2B2D9978191D}"
EndProject
Project("{FAE04EC0-301F-11D3-BF4B-00C04F79EFBC}") = "PitchAgent", "services\PitchAgent\PitchAgent.csproj", "{7F12E961-1291-4C8B-B3D7-E51F127CB5AE}"
EndProject
Project("{FAE04EC0-301F-11D3-BF4B-00C04F79EFBC}") = "AssignmentAgent", "services\AssignmentAgent\AssignmentAgent.csproj", "{A0B261CD-D61B-4DE9-95CD-7A951507044A}"
EndProject
Project("{FAE04EC0-301F-11D3-BF4B-00C04F79EFBC}") = "ReporterAgent", "services\ReporterAgent\ReporterAgent.csproj", "{A8EC124B-294C-4813-95E0-1139F53D26FE}"
EndProject
Project("{FAE04EC0-301F-11D3-BF4B-00C04F79EFBC}") = "FactCheckAgent", "services\FactCheckAgent\FactCheckAgent.csproj", "{0E195C89-CD84-4276-8EAE-E0455ADA5AD9}"
EndProject
Project("{FAE04EC0-301F-11D3-BF4B-00C04F79EFBC}") = "CopyEditAgent", "services\CopyEditAgent\CopyEditAgent.csproj", "{D5DBC373-017A-4964-844E-CFB4806C381E}"
EndProject
Project("{FAE04EC0-301F-11D3-BF4B-00C04F79EFBC}") = "SEOPackagingAgent", "services\SEOPackagingAgent\SEOPackagingAgent.csproj", "{796D53A7-3E0B-46F2-8720-42454E66B285}"
EndProject
Project("{FAE04EC0-301F-11D3-BF4B-00C04F79EFBC}") = "VisualsAgent", "services\VisualsAgent\VisualsAgent.csproj", "{4617E43B-DE08-416F-A0E3-5F5264BDEF82}"
EndProject
Project("{FAE04EC0-301F-11D3-BF4B-00C04F79EFBC}") = "PublishAgent", "services\PublishAgent\PublishAgent.csproj", "{56435960-B2F5-4765-8FEE-109C8F8BECB7}"
EndProject
Project("{FAE04EC0-301F-11D3-BF4B-00C04F79EFBC}") = "DistributionAgent", "services\DistributionAgent\DistributionAgent.csproj", "{4AFF7C27-730A-45A5-8053-4A338FCC44EB}"
EndProject
Project("{FAE04EC0-301F-11D3-BF4B-00C04F79EFBC}") = "MonetizationAgent", "services\MonetizationAgent\MonetizationAgent.csproj", "{AA44171F-16BD-4D55-9B32-2D9F2F61C29C}"
EndProject
Project("{FAE04EC0-301F-11D3-BF4B-00C04F79EFBC}") = "AnalyticsAgent", "services\AnalyticsAgent\AnalyticsAgent.csproj", "{ECF0FDAB-ECE5-4A6B-BA16-8C2AB365F3FE}"
EndProject
Project("{FAE04EC0-301F-11D3-BF4B-00C04F79EFBC}") = "ModerationAgent", "services\ModerationAgent\ModerationAgent.csproj", "{6E24F757-C78F-49AC-B4D5-D00BBE846683}"
EndProject
Project("{2150E333-8FDC-42A3-9474-1A3956D46DE8}") = "apps", "apps", "{B8788534-0BE8-477D-8CEA-068FA10B93EE}"
EndProject
Project("{FAE04EC0-301F-11D3-BF4B-00C04F79EFBC}") = "editor-portal", "apps\editor-portal\editor-portal.csproj", "{C43F5792-A054-4D3D-A5F3-514D04CC1057}"
EndProject
Project("{2150E333-8FDC-42A3-9474-1A3956D46DE8}") = "apis", "apis", "{3BE18E8F-57B0-4089-AB76-762D0953B201}"
EndProject
Project("{2150E333-8FDC-42A3-9474-1A3956D46DE8}") = "orchestrations", "orchestrations", "{4E3AD182-3870-4632-A3E0-FFA812088D38}"
EndProject
Project("{FAE04EC0-301F-11D3-BF4B-00C04F79EFBC}") = "Newsroom.Orchestrations", "apis\orchestrations\Newsroom.Orchestrations\Newsroom.Orchestrations.csproj", "{C925E5F7-121F-4A1A-82A6-1CB638DF9E6A}"
EndProject
Global
	GlobalSection(SolutionConfigurationPlatforms) = preSolution
		Debug|Any CPU = Debug|Any CPU
		Release|Any CPU = Release|Any CPU
	EndGlobalSection
	GlobalSection(SolutionProperties) = preSolution
		HideSolutionNode = FALSE
	EndGlobalSection
	GlobalSection(ProjectConfigurationPlatforms) = postSolution
		{19473028-8572-47EA-9164-7A5EB8CD60FA}.Debug|Any CPU.ActiveCfg = Debug|Any CPU
		{19473028-8572-47EA-9164-7A5EB8CD60FA}.Debug|Any CPU.Build.0 = Debug|Any CPU
		{19473028-8572-47EA-9164-7A5EB8CD60FA}.Release|Any CPU.ActiveCfg = Release|Any CPU
		{19473028-8572-47EA-9164-7A5EB8CD60FA}.Release|Any CPU.Build.0 = Release|Any CPU
		{8957D65A-357D-4A74-8BEB-92FB3DA10769}.Debug|Any CPU.ActiveCfg = Debug|Any CPU
		{8957D65A-357D-4A74-8BEB-92FB3DA10769}.Debug|Any CPU.Build.0 = Debug|Any CPU
		{8957D65A-357D-4A74-8BEB-92FB3DA10769}.Release|Any CPU.ActiveCfg = Release|Any CPU
		{8957D65A-357D-4A74-8BEB-92FB3DA10769}.Release|Any CPU.Build.0 = Release|Any CPU
		{DA191D0E-9E12-4957-9F57-22DB5A5A8FAF}.Debug|Any CPU.ActiveCfg = Debug|Any CPU
		{DA191D0E-9E12-4957-9F57-22DB5A5A8FAF}.Debug|Any CPU.Build.0 = Debug|Any CPU
		{DA191D0E-9E12-4957-9F57-22DB5A5A8FAF}.Release|Any CPU.ActiveCfg = Release|Any CPU
		{DA191D0E-9E12-4957-9F57-22DB5A5A8FAF}.Release|Any CPU.Build.0 = Release|Any CPU
		{7F12E961-1291-4C8B-B3D7-E51F127CB5AE}.Debug|Any CPU.ActiveCfg = Debug|Any CPU
		{7F12E961-1291-4C8B-B3D7-E51F127CB5AE}.Debug|Any CPU.Build.0 = Debug|Any CPU
		{7F12E961-1291-4C8B-B3D7-E51F127CB5AE}.Release|Any CPU.ActiveCfg = Release|Any CPU
		{7F12E961-1291-4C8B-B3D7-E51F127CB5AE}.Release|Any CPU.Build.0 = Release|Any CPU
		{A0B261CD-D61B-4DE9-95CD-7A951507044A}.Debug|Any CPU.ActiveCfg = Debug|Any CPU
		{A0B261CD-D61B-4DE9-95CD-7A951507044A}.Debug|Any CPU.Build.0 = Debug|Any CPU
		{A0B261CD-D61B-4DE9-95CD-7A951507044A}.Release|Any CPU.ActiveCfg = Release|Any CPU
		{A0B261CD-D61B-4DE9-95CD-7A951507044A}.Release|Any CPU.Build.0 = Release|Any CPU
		{A8EC124B-294C-4813-95E0-1139F53D26FE}.Debug|Any CPU.ActiveCfg = Debug|Any CPU
		{A8EC124B-294C-4813-95E0-1139F53D26FE}.Debug|Any CPU.Build.0 = Debug|Any CPU
		{A8EC124B-294C-4813-95E0-1139F53D26FE}.Release|Any CPU.ActiveCfg = Release|Any CPU
		{A8EC124B-294C-4813-95E0-1139F53D26FE}.Release|Any CPU.Build.0 = Release|Any CPU
		{0E195C89-CD84-4276-8EAE-E0455ADA5AD9}.Debug|Any CPU.ActiveCfg = Debug|Any CPU
		{0E195C89-CD84-4276-8EAE-E0455ADA5AD9}.Debug|Any CPU.Build.0 = Debug|Any CPU
		{0E195C89-CD84-4276-8EAE-E0455ADA5AD9}.Release|Any CPU.ActiveCfg = Release|Any CPU
		{0E195C89-CD84-4276-8EAE-E0455ADA5AD9}.Release|Any CPU.Build.0 = Release|Any CPU
		{D5DBC373-017A-4964-844E-CFB4806C381E}.Debug|Any CPU.ActiveCfg = Debug|Any CPU
		{D5DBC373-017A-4964-844E-CFB4806C381E}.Debug|Any CPU.Build.0 = Debug|Any CPU
		{D5DBC373-017A-4964-844E-CFB4806C381E}.Release|Any CPU.ActiveCfg = Release|Any CPU
		{D5DBC373-017A-4964-844E-CFB4806C381E}.Release|Any CPU.Build.0 = Release|Any CPU
		{796D53A7-3E0B-46F2-8720-42454E66B285}.Debug|Any CPU.ActiveCfg = Debug|Any CPU
		{796D53A7-3E0B-46F2-8720-42454E66B285}.Debug|Any CPU.Build.0 = Debug|Any CPU
		{796D53A7-3E0B-46F2-8720-42454E66B285}.Release|Any CPU.ActiveCfg = Release|Any CPU
		{796D53A7-3E0B-46F2-8720-42454E66B285}.Release|Any CPU.Build.0 = Release|Any CPU
		{4617E43B-DE08-416F-A0E3-5F5264BDEF82}.Debug|Any CPU.ActiveCfg = Debug|Any CPU
		{4617E43B-DE08-416F-A0E3-5F5264BDEF82}.Debug|Any CPU.Build.0 = Debug|Any CPU
		{4617E43B-DE08-416F-A0E3-5F5264BDEF82}.Release|Any CPU.ActiveCfg = Release|Any CPU
		{4617E43B-DE08-416F-A0E3-5F5264BDEF82}.Release|Any CPU.Build.0 = Release|Any CPU
		{56435960-B2F5-4765-8FEE-109C8F8BECB7}.Debug|Any CPU.ActiveCfg = Debug|Any CPU
		{56435960-B2F5-4765-8FEE-109C8F8BECB7}.Debug|Any CPU.Build.0 = Debug|Any CPU
		{56435960-B2F5-4765-8FEE-109C8F8BECB7}.Release|Any CPU.ActiveCfg = Release|Any CPU
		{56435960-B2F5-4765-8FEE-109C8F8BECB7}.Release|Any CPU.Build.0 = Release|Any CPU
		{4AFF7C27-730A-45A5-8053-4A338FCC44EB}.Debug|Any CPU.ActiveCfg = Debug|Any CPU
		{4AFF7C27-730A-45A5-8053-4A338FCC44EB}.Debug|Any CPU.Build.0 = Debug|Any CPU
		{4AFF7C27-730A-45A5-8053-4A338FCC44EB}.Release|Any CPU.ActiveCfg = Release|Any CPU
		{4AFF7C27-730A-45A5-8053-4A338FCC44EB}.Release|Any CPU.Build.0 = Release|Any CPU
		{AA44171F-16BD-4D55-9B32-2D9F2F61C29C}.Debug|Any CPU.ActiveCfg = Debug|Any CPU
		{AA44171F-16BD-4D55-9B32-2D9F2F61C29C}.Debug|Any CPU.Build.0 = Debug|Any CPU
		{AA44171F-16BD-4D55-9B32-2D9F2F61C29C}.Release|Any CPU.ActiveCfg = Release|Any CPU
		{AA44171F-16BD-4D55-9B32-2D9F2F61C29C}.Release|Any CPU.Build.0 = Release|Any CPU
		{ECF0FDAB-ECE5-4A6B-BA16-8C2AB365F3FE}.Debug|Any CPU.ActiveCfg = Debug|Any CPU
		{ECF0FDAB-ECE5-4A6B-BA16-8C2AB365F3FE}.Debug|Any CPU.Build.0 = Debug|Any CPU
		{ECF0FDAB-ECE5-4A6B-BA16-8C2AB365F3FE}.Release|Any CPU.ActiveCfg = Release|Any CPU
		{ECF0FDAB-ECE5-4A6B-BA16-8C2AB365F3FE}.Release|Any CPU.Build.0 = Release|Any CPU
		{6E24F757-C78F-49AC-B4D5-D00BBE846683}.Debug|Any CPU.ActiveCfg = Debug|Any CPU
		{6E24F757-C78F-49AC-B4D5-D00BBE846683}.Debug|Any CPU.Build.0 = Debug|Any CPU
		{6E24F757-C78F-49AC-B4D5-D00BBE846683}.Release|Any CPU.ActiveCfg = Release|Any CPU
		{6E24F757-C78F-49AC-B4D5-D00BBE846683}.Release|Any CPU.Build.0 = Release|Any CPU
		{C43F5792-A054-4D3D-A5F3-514D04CC1057}.Debug|Any CPU.ActiveCfg = Debug|Any CPU
		{C43F5792-A054-4D3D-A5F3-514D04CC1057}.Debug|Any CPU.Build.0 = Debug|Any CPU
		{C43F5792-A054-4D3D-A5F3-514D04CC1057}.Release|Any CPU.ActiveCfg = Release|Any CPU
		{C43F5792-A054-4D3D-A5F3-514D04CC1057}.Release|Any CPU.Build.0 = Release|Any CPU
		{C925E5F7-121F-4A1A-82A6-1CB638DF9E6A}.Debug|Any CPU.ActiveCfg = Debug|Any CPU
		{C925E5F7-121F-4A1A-82A6-1CB638DF9E6A}.Debug|Any CPU.Build.0 = Debug|Any CPU
		{C925E5F7-121F-4A1A-82A6-1CB638DF9E6A}.Release|Any CPU.ActiveCfg = Release|Any CPU
		{C925E5F7-121F-4A1A-82A6-1CB638DF9E6A}.Release|Any CPU.Build.0 = Release|Any CPU
	EndGlobalSection
	GlobalSection(NestedProjects) = preSolution
		{19473028-8572-47EA-9164-7A5EB8CD60FA} = {2989E57F-8DB5-4A23-8868-0332CCBF7E4B}
		{8957D65A-357D-4A74-8BEB-92FB3DA10769} = {2989E57F-8DB5-4A23-8868-0332CCBF7E4B}
		{DA191D0E-9E12-4957-9F57-22DB5A5A8FAF} = {2989E57F-8DB5-4A23-8868-0332CCBF7E4B}
		{7F12E961-1291-4C8B-B3D7-E51F127CB5AE} = {F983A162-52F7-4FC5-8570-2B2D9978191D}
		{A0B261CD-D61B-4DE9-95CD-7A951507044A} = {F983A162-52F7-4FC5-8570-2B2D9978191D}
		{A8EC124B-294C-4813-95E0-1139F53D26FE} = {F983A162-52F7-4FC5-8570-2B2D9978191D}
		{0E195C89-CD84-4276-8EAE-E0455ADA5AD9} = {F983A162-52F7-4FC5-8570-2B2D9978191D}
		{D5DBC373-017A-4964-844E-CFB4806C381E} = {F983A162-52F7-4FC5-8570-2B2D9978191D}
		{796D53A7-3E0B-46F2-8720-42454E66B285} = {F983A162-52F7-4FC5-8570-2B2D9978191D}
		{4617E43B-DE08-416F-A0E3-5F5264BDEF82} = {F983A162-52F7-4FC5-8570-2B2D9978191D}
		{56435960-B2F5-4765-8FEE-109C8F8BECB7} = {F983A162-52F7-4FC5-8570-2B2D9978191D}
		{4AFF7C27-730A-45A5-8053-4A338FCC44EB} = {F983A162-52F7-4FC5-8570-2B2D9978191D}
		{AA44171F-16BD-4D55-9B32-2D9F2F61C29C} = {F983A162-52F7-4FC5-8570-2B2D9978191D}
		{ECF0FDAB-ECE5-4A6B-BA16-8C2AB365F3FE} = {F983A162-52F7-4FC5-8570-2B2D9978191D}
		{6E24F757-C78F-49AC-B4D5-D00BBE846683} = {F983A162-52F7-4FC5-8570-2B2D9978191D}
		{C43F5792-A054-4D3D-A5F3-514D04CC1057} = {B8788534-0BE8-477D-8CEA-068FA10B93EE}
		{4E3AD182-3870-4632-A3E0-FFA812088D38} = {3BE18E8F-57B0-4089-AB76-762D0953B201}
		{C925E5F7-121F-4A1A-82A6-1CB638DF9E6A} = {4E3AD182-3870-4632-A3E0-FFA812088D38}
	EndGlobalSection
EndGlobal
